github.com/dchest/siphash v1.2.3 h1:QXwFc8cFOR2dSa/gE6o/HokBMWtLUaNDVd+22aKHeEA=
github.com/dchest/siphash v1.2.3/go.mod h1:0NvQU092bT0ipiFN++/rXm69QG9tVxLAlQHIXMPAkHc=
github.com/dgryski/go-sip13 v0.0.0-20200911182023-62edffca9245 h1:9cOfvEwjQxdwKuNDTQSaMKNRvwKwgZG+U4HrjeRKHso=
github.com/dgryski/go-sip13 v0.0.0-20200911182023-62edffca9245/go.mod h1:vAd38F8PWV+bWy6jNmig1y/TA+kYO4g3RSRF0IAv0no=
github.com/go-faster/city v1.0.1 h1:4WAxSZ3V2Ws4QRDrscLEDcibJY8uf41H6AhXDrNDcGw=
github.com/go-faster/city v1.0.1/go.mod h1:jKcUJId49qdW3L1qKHH/3wPeUstCVpVSXTM6vO3VcTw=
github.com/minio/highwayhash v1.0.3 h1:kbnuUMoHYyVl7szWjSxJnxw11k2U709jqFPPmIUyD6Q=
github.com/minio/highwayhash v1.0.3/go.mod h1:GGYsuwP/fPD6Y9hMiXuapVvlIUEhFhMTh0rxU3ik1LQ=
github.com/shopspring/decimal v1.4.0 h1:bxl37RwXBklmTi0C79JfXCEBD1cqqHt0bbgBAGFp81k=
github.com/shopspring/decimal v1.4.0/go.mod h1:gawqmDU56v4yIKSwfBSFip1HdCCXN8/+DMd9qYNcwME=
github.com/tenfyzhong/cityhash v0.0.0-20240119160136-f06fc400ce32 h1:vO3f6ukfbn6ZmEe1+v5T8pwdPXhz9Vl+LoQxVQizMFs=
github.com/tenfyzhong/cityhash v0.0.0-20240119160136-f06fc400ce32/go.mod h1:osHRx64YR9V8zAZRcQ9geAkfcWxq+ukXuUdLDi+XVKM=
github.com/zentures/cityhash v0.0.0-20131128155616-cdd6a94144ab h1:BD4YbH4Y0ysgbrP9jGuDB0BxkqyTRk6Y70o3D5Z5ayc=
github.com/zentures/cityhash v0.0.0-20131128155616-cdd6a94144ab/go.mod h1:SvJE1nX57VqPOyqkQGEGcJPWZqeB3FCZ8s7a0uSlG+A=
golang.org/x/sys v0.21.0/go.mod h1:/VUhepiaJMQUp4+oa/7Zr1D23ma6VTLIYjOOTFZPUcA=
golang.org/x/sys v0.25.0 h1:r+8e+loiHxRqhXVl6ML1nO3l1+oFoWbnlu2Ehimmi34=
golang.org/x/sys v0.25.0/go.mod h1:/VUhepiaJMQUp4+oa/7Zr1D23ma6VTLIYjOOTFZPUcA=
